<?xml version="1.0" encoding="utf-8"?>
<Project ToolsVersion="4.0" xmlns="http://schemas.microsoft.com/developer/msbuild/2003">
  <ItemGroup>
    <Filter Include="Pliki źródłowe">
      <UniqueIdentifier>{4FC737F1-C7A5-4376-A066-2A32D752A2FF}</UniqueIdentifier>
      <Extensions>cpp;c;cc;cxx;c++;cppm;ixx;def;odl;idl;hpj;bat;asm;asmx</Extensions>
    </Filter>
    <Filter Include="Pliki nagłówkowe">
      <UniqueIdentifier>{93995380-89BD-4b04-88EB-625FBE52EBFB}</UniqueIdentifier>
      <Extensions>h;hh;hpp;hxx;h++;hm;inl;inc;ipp;xsd</Extensions>
    </Filter>
    <Filter Include="Pliki zasobów">
      <UniqueIdentifier>{67DA6AB6-F800-4c08-8B7A-83BB121AAD01}</UniqueIdentifier>
      <Extensions>rc;ico;cur;bmp;dlg;rc2;rct;bin;rgs;gif;jpg;jpeg;jpe;resx;tiff;tif;png;wav;mfcribbon-ms</Extensions>
    </Filter>
    <Filter Include="Pliki źródłowe\headers">
      <UniqueIdentifier>{5a6bcc28-0412-4d04-9190-d46fd974236a}</UniqueIdentifier>
    </Filter>
    <Filter Include="Pliki źródłowe\src">
      <UniqueIdentifier>{efa940be-9f4b-4da5-9ddc-8335e0b1ace6}</UniqueIdentifier>
    </Filter>
    <Filter Include="content">
      <UniqueIdentifier>{43c1d925-9a8a-4bed-aeb0-eaf5ffe8022b}</UniqueIdentifier>
    </Filter>
    <Filter Include="content\sprites">
      <UniqueIdentifier>{5a360842-acbc-4325-bbf3-839e261b4c51}</UniqueIdentifier>
    </Filter>
  </ItemGroup>
  <ItemGroup>
    <ClCompile Include="graphics.cpp">
      <Filter>Pliki źródłowe\src</Filter>
    </ClCompile>
    <ClCompile Include="CaveStory.cpp">
      <Filter>Pliki źródłowe\src</Filter>
    </ClCompile>
    <ClCompile Include="game.cpp">
      <Filter>Pliki źródłowe\src</Filter>
    </ClCompile>
    <ClCompile Include="input.cpp">
      <Filter>Pliki źródłowe\src</Filter>
    </ClCompile>
    <ClCompile Include="sprite.cpp">
      <Filter>Pliki źródłowe\src</Filter>
    </ClCompile>
  </ItemGroup>
  <ItemGroup>
    <ClInclude Include="resource.h">
      <Filter>Pliki nagłówkowe</Filter>
    </ClInclude>
    <ClInclude Include="graphics.h">
      <Filter>Pliki źródłowe\headers</Filter>
    </ClInclude>
    <ClInclude Include="game.h">
      <Filter>Pliki źródłowe\headers</Filter>
    </ClInclude>
    <ClInclude Include="input.h">
      <Filter>Pliki źródłowe\headers</Filter>
    </ClInclude>
    <ClInclude Include="sprite.h">
      <Filter>Pliki źródłowe\headers</Filter>
    </ClInclude>
    <ClInclude Include="globals.h">
      <Filter>Pliki źródłowe\headers</Filter>
    </ClInclude>
  </ItemGroup>
  <ItemGroup>
    <ResourceCompile Include="CaveStory.rc">
      <Filter>Pliki zasobów</Filter>
    </ResourceCompile>
  </ItemGroup>
  <ItemGroup>
    <None Include="..\..\..\..\Downloads\doukutsu\data\MyChar.png">
      <Filter>content\sprites</Filter>
    </None>
  </ItemGroup>
</Project>